
Microsoft Visual Studio Solution File, Format Version 12.00
# Visual Studio Version 16
VisualStudioVersion = 16.0.31624.102
MinimumVisualStudioVersion = 10.0.40219.1
Project("{FAE04EC0-301F-11D3-BF4B-00C04F79EFBC}") = "2prg", "2prg\2prg.csproj", "{A835F298-EFA9-43E5-9C13-8F97D34C858D}"
EndProject
Global
	GlobalSection(SolutionConfigurationPlatforms) = preSolution
		Debug|Any CPU = Debug|Any CPU
		Release|Any CPU = Release|Any CPU
	EndGlobalSection
	GlobalSection(ProjectConfigurationPlatforms) = postSolution
		{A835F298-EFA9-43E5-9C13-8F97D34C858D}.Debug|Any CPU.ActiveCfg = Debug|Any CPU
		{A835F298-EFA9-43E5-9C13-8F97D34C858D}.Debug|Any CPU.Build.0 = Debug|Any CPU
		{A835F298-EFA9-43E5-9C13-8F97D34C858D}.Release|Any CPU.ActiveCfg = Release|Any CPU
		{A835F298-EFA9-43E5-9C13-8F97D34C858D}.Release|Any CPU.Build.0 = Release|Any CPU
	EndGlobalSection
	GlobalSection(SolutionProperties) = preSolution
		HideSolutionNode = FALSE
	EndGlobalSection
	GlobalSection(ExtensibilityGlobals) = postSolution
		SolutionGuid = {C519F14F-1398-4D38-845F-9ACB84D9DDA4}
	EndGlobalSection
EndGlobal
