
Microsoft Visual Studio Solution File, Format Version 12.00
# Visual Studio Version 16
VisualStudioVersion = 16.0.32630.194
MinimumVisualStudioVersion = 10.0.40219.1
Project("{FAE04EC0-301F-11D3-BF4B-00C04F79EFBC}") = "1prg", "1prg\1prg.csproj", "{D0EFB61B-C40A-4423-9B6F-096692AC5737}"
EndProject
Global
	GlobalSection(SolutionConfigurationPlatforms) = preSolution
		Debug|Any CPU = Debug|Any CPU
		Release|Any CPU = Release|Any CPU
	EndGlobalSection
	GlobalSection(ProjectConfigurationPlatforms) = postSolution
		{D0EFB61B-C40A-4423-9B6F-096692AC5737}.Debug|Any CPU.ActiveCfg = Debug|Any CPU
		{D0EFB61B-C40A-4423-9B6F-096692AC5737}.Debug|Any CPU.Build.0 = Debug|Any CPU
		{D0EFB61B-C40A-4423-9B6F-096692AC5737}.Release|Any CPU.ActiveCfg = Release|Any CPU
		{D0EFB61B-C40A-4423-9B6F-096692AC5737}.Release|Any CPU.Build.0 = Release|Any CPU
	EndGlobalSection
	GlobalSection(SolutionProperties) = preSolution
		HideSolutionNode = FALSE
	EndGlobalSection
	GlobalSection(ExtensibilityGlobals) = postSolution
		SolutionGuid = {CE86ED91-555B-4DE9-A0ED-3A7736E24079}
	EndGlobalSection
EndGlobal
